
Microsoft Visual Studio Solution File, Format Version 12.00
# Visual Studio 15
VisualStudioVersion = 15.0.28010.2019
MinimumVisualStudioVersion = 10.0.40219.1
Project("{FAE04EC0-301F-11D3-BF4B-00C04F79EFBC}") = "PowerShellRunner", "PowerShellRunner\PowerShellRunner.csproj", "{461EF7AC-0DE8-40C5-AE31-4042C75B9B02}"
EndProject
Global
	GlobalSection(SolutionConfigurationPlatforms) = preSolution
		Debug|Any CPU = Debug|Any CPU
		Release|Any CPU = Release|Any CPU
	EndGlobalSection
	GlobalSection(ProjectConfigurationPlatforms) = postSolution
		{461EF7AC-0DE8-40C5-AE31-4042C75B9B02}.Debug|Any CPU.ActiveCfg = Debug|Any CPU
		{461EF7AC-0DE8-40C5-AE31-4042C75B9B02}.Debug|Any CPU.Build.0 = Debug|Any CPU
		{461EF7AC-0DE8-40C5-AE31-4042C75B9B02}.Release|Any CPU.ActiveCfg = Release|Any CPU
		{461EF7AC-0DE8-40C5-AE31-4042C75B9B02}.Release|Any CPU.Build.0 = Release|Any CPU
	EndGlobalSection
	GlobalSection(SolutionProperties) = preSolution
		HideSolutionNode = FALSE
	EndGlobalSection
	GlobalSection(ExtensibilityGlobals) = postSolution
		SolutionGuid = {F63B9C8C-E3F4-4CFC-B70E-0B91B80B78E9}
	EndGlobalSection
EndGlobal
